<?xml version="1.0" encoding="utf-8"?>
<Project ToolsVersion="4.0" xmlns="http://schemas.microsoft.com/developer/msbuild/2003">
  <ItemGroup>
    <Filter Include="Source Files">
      <UniqueIdentifier>{4FC737F1-C7A5-4376-A066-2A32D752A2FF}</UniqueIdentifier>
      <Extensions>cpp;c;cc;cxx;c++;cppm;ixx;def;odl;idl;hpj;bat;asm;asmx</Extensions>
    </Filter>
    <Filter Include="Header Files">
      <UniqueIdentifier>{93995380-89BD-4b04-88EB-625FBE52EBFB}</UniqueIdentifier>
      <Extensions>h;hh;hpp;hxx;h++;hm;inl;inc;ipp;xsd</Extensions>
    </Filter>
    <Filter Include="Resource Files">
      <UniqueIdentifier>{67DA6AB6-F800-4c08-8B7A-83BB121AAD01}</UniqueIdentifier>
      <Extensions>rc;ico;cur;bmp;dlg;rc2;rct;bin;rgs;gif;jpg;jpeg;jpe;resx;tiff;tif;png;wav;mfcribbon-ms</Extensions>
    </Filter>
  </ItemGroup>
  <ItemGroup>
    <ClCompile Include="src\pch.cpp">
      <Filter>Source Files</Filter>
    </ClCompile>
    <ClCompile Include="src\dllmain.cpp">
      <Filter>Source Files</Filter>
    </ClCompile>
    <ClCompile Include="src\chase.cpp">
      <Filter>Source Files</Filter>
    </ClCompile>
    <ClCompile Include="src\object.cpp">
      <Filter>Source Files</Filter>
    </ClCompile>
    <ClCompile Include="src\threadmanager\threadmanager.cpp">
      <Filter>Source Files</Filter>
    </ClCompile>
    <ClCompile Include="src\human\modifiers.cpp">
      <Filter>Source Files</Filter>
    </ClCompile>
    <ClCompile Include="src\human\human.cpp">
      <Filter>Source Files</Filter>
    </ClCompile>
    <ClCompile Include="src\human\limb.cpp">
      <Filter>Source Files</Filter>
    </ClCompile>
    <ClCompile Include="src\enviorment\enviorment.cpp">
      <Filter>Source Files</Filter>
    </ClCompile>
  </ItemGroup>
  <ItemGroup>
    <ClInclude Include="src\include\framework.h">
      <Filter>Header Files</Filter>
    </ClInclude>
    <ClInclude Include="src\include\pch.h">
      <Filter>Header Files</Filter>
    </ClInclude>
    <ClInclude Include="src\include\object.hpp">
      <Filter>Header Files</Filter>
    </ClInclude>
    <ClInclude Include="src\include\chase.h">
      <Filter>Header Files</Filter>
    </ClInclude>
    <ClInclude Include="src\include\enviorment\enviorment.h">
      <Filter>Header Files</Filter>
    </ClInclude>
    <ClInclude Include="src\include\human\human.h">
      <Filter>Header Files</Filter>
    </ClInclude>
    <ClInclude Include="src\include\human\limb.h">
      <Filter>Header Files</Filter>
    </ClInclude>
    <ClInclude Include="src\include\human\modifiers.h">
      <Filter>Header Files</Filter>
    </ClInclude>
    <ClInclude Include="src\include\plog\Appenders\AndroidAppender.h">
      <Filter>Header Files</Filter>
    </ClInclude>
    <ClInclude Include="src\include\plog\Appenders\ArduinoAppender.h">
      <Filter>Header Files</Filter>
    </ClInclude>
    <ClInclude Include="src\include\plog\Appenders\ColorConsoleAppender.h">
      <Filter>Header Files</Filter>
    </ClInclude>
    <ClInclude Include="src\include\plog\Appenders\ConsoleAppender.h">
      <Filter>Header Files</Filter>
    </ClInclude>
    <ClInclude Include="src\include\plog\Appenders\DebugOutputAppender.h">
      <Filter>Header Files</Filter>
    </ClInclude>
    <ClInclude Include="src\include\plog\Appenders\DynamicAppender.h">
      <Filter>Header Files</Filter>
    </ClInclude>
    <ClInclude Include="src\include\plog\Appenders\EventLogAppender.h">
      <Filter>Header Files</Filter>
    </ClInclude>
    <ClInclude Include="src\include\plog\Appenders\IAppender.h">
      <Filter>Header Files</Filter>
    </ClInclude>
    <ClInclude Include="src\include\plog\Appenders\RollingFileAppender.h">
      <Filter>Header Files</Filter>
    </ClInclude>
    <ClInclude Include="src\include\plog\Converters\NativeEOLConverter.h">
      <Filter>Header Files</Filter>
    </ClInclude>
    <ClInclude Include="src\include\plog\Converters\UTF8Converter.h">
      <Filter>Header Files</Filter>
    </ClInclude>
    <ClInclude Include="src\include\plog\Formatters\CsvFormatter.h">
      <Filter>Header Files</Filter>
    </ClInclude>
    <ClInclude Include="src\include\plog\Formatters\FuncMessageFormatter.h">
      <Filter>Header Files</Filter>
    </ClInclude>
    <ClInclude Include="src\include\plog\Formatters\MessageOnlyFormatter.h">
      <Filter>Header Files</Filter>
    </ClInclude>
    <ClInclude Include="src\include\plog\Formatters\TxtFormatter.h">
      <Filter>Header Files</Filter>
    </ClInclude>
    <ClInclude Include="src\include\plog\Helpers\AscDump.h">
      <Filter>Header Files</Filter>
    </ClInclude>
    <ClInclude Include="src\include\plog\Helpers\HexDump.h">
      <Filter>Header Files</Filter>
    </ClInclude>
    <ClInclude Include="src\include\plog\Helpers\PrintVar.h">
      <Filter>Header Files</Filter>
    </ClInclude>
    <ClInclude Include="src\include\plog\Initializers\ConsoleInitializer.h">
      <Filter>Header Files</Filter>
    </ClInclude>
    <ClInclude Include="src\include\plog\Initializers\RollingFileInitializer.h">
      <Filter>Header Files</Filter>
    </ClInclude>
    <ClInclude Include="src\include\plog\Init.h">
      <Filter>Header Files</Filter>
    </ClInclude>
    <ClInclude Include="src\include\plog\Log.h">
      <Filter>Header Files</Filter>
    </ClInclude>
    <ClInclude Include="src\include\plog\Logger.h">
      <Filter>Header Files</Filter>
    </ClInclude>
    <ClInclude Include="src\include\plog\Record.h">
      <Filter>Header Files</Filter>
    </ClInclude>
    <ClInclude Include="src\include\plog\Severity.h">
      <Filter>Header Files</Filter>
    </ClInclude>
    <ClInclude Include="src\include\plog\Util.h">
      <Filter>Header Files</Filter>
    </ClInclude>
    <ClInclude Include="src\include\plog\WinApi.h">
      <Filter>Header Files</Filter>
    </ClInclude>
    <ClInclude Include="src\include\threadmanager\threadmanager.h">
      <Filter>Header Files</Filter>
    </ClInclude>
    <ClInclude Include="src\include\transformations\transform.h">
      <Filter>Header Files</Filter>
    </ClInclude>
    <ClInclude Include="src\include\object.h">
      <Filter>Header Files</Filter>
    </ClInclude>
  </ItemGroup>
</Project>